
Microsoft Visual Studio Solution File, Format Version 12.00
# Visual Studio Version 17
VisualStudioVersion = 17.3.32804.467
MinimumVisualStudioVersion = 10.0.40219.1
Project("{FAE04EC0-301F-11D3-BF4B-00C04F79EFBC}") = "experimentProject", "experimentProject\experimentProject.csproj", "{B817EB28-C41E-4BB0-96FF-A081EE6468AB}"
EndProject
Global
	GlobalSection(SolutionConfigurationPlatforms) = preSolution
		Debug|Any CPU = Debug|Any CPU
		Release|Any CPU = Release|Any CPU
	EndGlobalSection
	GlobalSection(ProjectConfigurationPlatforms) = postSolution
		{B817EB28-C41E-4BB0-96FF-A081EE6468AB}.Debug|Any CPU.ActiveCfg = Debug|Any CPU
		{B817EB28-C41E-4BB0-96FF-A081EE6468AB}.Debug|Any CPU.Build.0 = Debug|Any CPU
		{B817EB28-C41E-4BB0-96FF-A081EE6468AB}.Release|Any CPU.ActiveCfg = Release|Any CPU
		{B817EB28-C41E-4BB0-96FF-A081EE6468AB}.Release|Any CPU.Build.0 = Release|Any CPU
	EndGlobalSection
	GlobalSection(SolutionProperties) = preSolution
		HideSolutionNode = FALSE
	EndGlobalSection
	GlobalSection(ExtensibilityGlobals) = postSolution
		SolutionGuid = {D007D870-2AEA-4C65-A49B-475B71665E39}
	EndGlobalSection
EndGlobal
